
Microsoft Visual Studio Solution File, Format Version 12.00
# Visual Studio Version 17
VisualStudioVersion = 17.2.32602.215
MinimumVisualStudioVersion = 10.0.40219.1
Project("{FAE04EC0-301F-11D3-BF4B-00C04F79EFBC}") = "SoftL", "SoftL.csproj", "{C277C887-41FB-4E04-9A5C-0D4712BA37AD}"
EndProject
Global
	GlobalSection(SolutionConfigurationPlatforms) = preSolution
		Debug|Any CPU = Debug|Any CPU
		Release|Any CPU = Release|Any CPU
	EndGlobalSection
	GlobalSection(ProjectConfigurationPlatforms) = postSolution
		{C277C887-41FB-4E04-9A5C-0D4712BA37AD}.Debug|Any CPU.ActiveCfg = Debug|Any CPU
		{C277C887-41FB-4E04-9A5C-0D4712BA37AD}.Debug|Any CPU.Build.0 = Debug|Any CPU
		{C277C887-41FB-4E04-9A5C-0D4712BA37AD}.Release|Any CPU.ActiveCfg = Release|Any CPU
		{C277C887-41FB-4E04-9A5C-0D4712BA37AD}.Release|Any CPU.Build.0 = Release|Any CPU
	EndGlobalSection
	GlobalSection(SolutionProperties) = preSolution
		HideSolutionNode = FALSE
	EndGlobalSection
	GlobalSection(ExtensibilityGlobals) = postSolution
		SolutionGuid = {5CBBACE9-99C0-455D-89C6-E8A37B56D4E0}
	EndGlobalSection
EndGlobal
